
Microsoft Visual Studio Solution File, Format Version 12.00
# Visual Studio Version 17
VisualStudioVersion = 17.0.31903.59
MinimumVisualStudioVersion = 10.0.40219.1
Project("{FAE04EC0-301F-11D3-BF4B-00C04F79EFBC}") = "TetSolar.Core", "TetSolar.Core\TetSolar.Core.csproj", "{AAAB4447-E6A6-43F1-BA0B-C03BA706C19B}"
EndProject
Project("{FAE04EC0-301F-11D3-BF4B-00C04F79EFBC}") = "TetSolar.Console", "TetSolar.Console\TetSolar.Console.csproj", "{DD4661D2-9D36-4143-865C-05338A8C870C}"
EndProject
Project("{FAE04EC0-301F-11D3-BF4B-00C04F79EFBC}") = "TetSolar.GUI", "TetSolar.GUI\TetSolar.GUI.csproj", "{4E966B52-5894-45FF-B026-12CDCBD705B6}"
EndProject
Global
	GlobalSection(SolutionConfigurationPlatforms) = preSolution
		Debug|Any CPU = Debug|Any CPU
		Debug|x64 = Debug|x64
		Debug|x86 = Debug|x86
		Release|Any CPU = Release|Any CPU
		Release|x64 = Release|x64
		Release|x86 = Release|x86
	EndGlobalSection
	GlobalSection(ProjectConfigurationPlatforms) = postSolution
		{AAAB4447-E6A6-43F1-BA0B-C03BA706C19B}.Debug|Any CPU.ActiveCfg = Debug|Any CPU
		{AAAB4447-E6A6-43F1-BA0B-C03BA706C19B}.Debug|Any CPU.Build.0 = Debug|Any CPU
		{AAAB4447-E6A6-43F1-BA0B-C03BA706C19B}.Debug|x64.ActiveCfg = Debug|Any CPU
		{AAAB4447-E6A6-43F1-BA0B-C03BA706C19B}.Debug|x64.Build.0 = Debug|Any CPU
		{AAAB4447-E6A6-43F1-BA0B-C03BA706C19B}.Debug|x86.ActiveCfg = Debug|Any CPU
		{AAAB4447-E6A6-43F1-BA0B-C03BA706C19B}.Debug|x86.Build.0 = Debug|Any CPU
		{AAAB4447-E6A6-43F1-BA0B-C03BA706C19B}.Release|Any CPU.ActiveCfg = Release|Any CPU
		{AAAB4447-E6A6-43F1-BA0B-C03BA706C19B}.Release|Any CPU.Build.0 = Release|Any CPU
		{AAAB4447-E6A6-43F1-BA0B-C03BA706C19B}.Release|x64.ActiveCfg = Release|Any CPU
		{AAAB4447-E6A6-43F1-BA0B-C03BA706C19B}.Release|x64.Build.0 = Release|Any CPU
		{AAAB4447-E6A6-43F1-BA0B-C03BA706C19B}.Release|x86.ActiveCfg = Release|Any CPU
		{AAAB4447-E6A6-43F1-BA0B-C03BA706C19B}.Release|x86.Build.0 = Release|Any CPU
		{DD4661D2-9D36-4143-865C-05338A8C870C}.Debug|Any CPU.ActiveCfg = Debug|Any CPU
		{DD4661D2-9D36-4143-865C-05338A8C870C}.Debug|Any CPU.Build.0 = Debug|Any CPU
		{DD4661D2-9D36-4143-865C-05338A8C870C}.Debug|x64.ActiveCfg = Debug|Any CPU
		{DD4661D2-9D36-4143-865C-05338A8C870C}.Debug|x64.Build.0 = Debug|Any CPU
		{DD4661D2-9D36-4143-865C-05338A8C870C}.Debug|x86.ActiveCfg = Debug|Any CPU
		{DD4661D2-9D36-4143-865C-05338A8C870C}.Debug|x86.Build.0 = Debug|Any CPU
		{DD4661D2-9D36-4143-865C-05338A8C870C}.Release|Any CPU.ActiveCfg = Release|Any CPU
		{DD4661D2-9D36-4143-865C-05338A8C870C}.Release|Any CPU.Build.0 = Release|Any CPU
		{DD4661D2-9D36-4143-865C-05338A8C870C}.Release|x64.ActiveCfg = Release|Any CPU
		{DD4661D2-9D36-4143-865C-05338A8C870C}.Release|x64.Build.0 = Release|Any CPU
		{DD4661D2-9D36-4143-865C-05338A8C870C}.Release|x86.ActiveCfg = Release|Any CPU
		{DD4661D2-9D36-4143-865C-05338A8C870C}.Release|x86.Build.0 = Release|Any CPU
		{4E966B52-5894-45FF-B026-12CDCBD705B6}.Debug|Any CPU.ActiveCfg = Debug|Any CPU
		{4E966B52-5894-45FF-B026-12CDCBD705B6}.Debug|Any CPU.Build.0 = Debug|Any CPU
		{4E966B52-5894-45FF-B026-12CDCBD705B6}.Debug|x64.ActiveCfg = Debug|Any CPU
		{4E966B52-5894-45FF-B026-12CDCBD705B6}.Debug|x64.Build.0 = Debug|Any CPU
		{4E966B52-5894-45FF-B026-12CDCBD705B6}.Debug|x86.ActiveCfg = Debug|Any CPU
		{4E966B52-5894-45FF-B026-12CDCBD705B6}.Debug|x86.Build.0 = Debug|Any CPU
		{4E966B52-5894-45FF-B026-12CDCBD705B6}.Release|Any CPU.ActiveCfg = Release|Any CPU
		{4E966B52-5894-45FF-B026-12CDCBD705B6}.Release|Any CPU.Build.0 = Release|Any CPU
		{4E966B52-5894-45FF-B026-12CDCBD705B6}.Release|x64.ActiveCfg = Release|Any CPU
		{4E966B52-5894-45FF-B026-12CDCBD705B6}.Release|x64.Build.0 = Release|Any CPU
		{4E966B52-5894-45FF-B026-12CDCBD705B6}.Release|x86.ActiveCfg = Release|Any CPU
		{4E966B52-5894-45FF-B026-12CDCBD705B6}.Release|x86.Build.0 = Release|Any CPU
	EndGlobalSection
	GlobalSection(SolutionProperties) = preSolution
		HideSolutionNode = FALSE
	EndGlobalSection
EndGlobal
